
Microsoft Visual Studio Solution File, Format Version 12.00
# Visual Studio Version 17
VisualStudioVersion = 17.3.32929.385
MinimumVisualStudioVersion = 10.0.40219.1
Project("{8BC9CEB8-8B4A-11D0-8D11-00A0C91BC942}") = "class8", "class8\class8.vcxproj", "{3F1589ED-C4B3-4E70-8230-B4B688D56C12}"
EndProject
Global
	GlobalSection(SolutionConfigurationPlatforms) = preSolution
		Debug|x64 = Debug|x64
		Debug|x86 = Debug|x86
		Release|x64 = Release|x64
		Release|x86 = Release|x86
	EndGlobalSection
	GlobalSection(ProjectConfigurationPlatforms) = postSolution
		{3F1589ED-C4B3-4E70-8230-B4B688D56C12}.Debug|x64.ActiveCfg = Debug|x64
		{3F1589ED-C4B3-4E70-8230-B4B688D56C12}.Debug|x64.Build.0 = Debug|x64
		{3F1589ED-C4B3-4E70-8230-B4B688D56C12}.Debug|x86.ActiveCfg = Debug|Win32
		{3F1589ED-C4B3-4E70-8230-B4B688D56C12}.Debug|x86.Build.0 = Debug|Win32
		{3F1589ED-C4B3-4E70-8230-B4B688D56C12}.Release|x64.ActiveCfg = Release|x64
		{3F1589ED-C4B3-4E70-8230-B4B688D56C12}.Release|x64.Build.0 = Release|x64
		{3F1589ED-C4B3-4E70-8230-B4B688D56C12}.Release|x86.ActiveCfg = Release|Win32
		{3F1589ED-C4B3-4E70-8230-B4B688D56C12}.Release|x86.Build.0 = Release|Win32
	EndGlobalSection
	GlobalSection(SolutionProperties) = preSolution
		HideSolutionNode = FALSE
	EndGlobalSection
	GlobalSection(ExtensibilityGlobals) = postSolution
		SolutionGuid = {3651A183-CEFD-468A-A0B4-1B8043428D54}
	EndGlobalSection
EndGlobal
